
Microsoft Visual Studio Solution File, Format Version 12.00
# Visual Studio Version 17
VisualStudioVersion = 17.14.36121.58 d17.14
MinimumVisualStudioVersion = 10.0.40219.1
Project("{FAE04EC0-301F-11D3-BF4B-00C04F79EFBC}") = "SupportDesk.Api", "SupportDesk\SupportDesk.Api.csproj", "{634D4697-1F25-4417-A0D3-EA1A761735ED}"
EndProject
Project("{FAE04EC0-301F-11D3-BF4B-00C04F79EFBC}") = "SupportDesk.Core", "SupportDesk.Core\SupportDesk.Core.csproj", "{C17997FC-9044-483C-8189-31E3B30ACEAE}"
EndProject
Project("{FAE04EC0-301F-11D3-BF4B-00C04F79EFBC}") = "SupportDeck.Tests", "SupportDeck.Tests\SupportDeck.Tests.csproj", "{4CBEE19C-2D69-4A33-AE07-B74B816AE75D}"
EndProject
Project("{FAE04EC0-301F-11D3-BF4B-00C04F79EFBC}") = "SupportDeck.Infrastructure", "SupportDeck.Infrastructure\SupportDeck.Infrastructure.csproj", "{4820BCA5-AF1E-4550-A9AA-2D8D52642E4F}"
EndProject
Global
	GlobalSection(SolutionConfigurationPlatforms) = preSolution
		Debug|Any CPU = Debug|Any CPU
		Release|Any CPU = Release|Any CPU
	EndGlobalSection
	GlobalSection(ProjectConfigurationPlatforms) = postSolution
		{634D4697-1F25-4417-A0D3-EA1A761735ED}.Debug|Any CPU.ActiveCfg = Debug|Any CPU
		{634D4697-1F25-4417-A0D3-EA1A761735ED}.Debug|Any CPU.Build.0 = Debug|Any CPU
		{634D4697-1F25-4417-A0D3-EA1A761735ED}.Release|Any CPU.ActiveCfg = Release|Any CPU
		{634D4697-1F25-4417-A0D3-EA1A761735ED}.Release|Any CPU.Build.0 = Release|Any CPU
		{C17997FC-9044-483C-8189-31E3B30ACEAE}.Debug|Any CPU.ActiveCfg = Debug|Any CPU
		{C17997FC-9044-483C-8189-31E3B30ACEAE}.Debug|Any CPU.Build.0 = Debug|Any CPU
		{C17997FC-9044-483C-8189-31E3B30ACEAE}.Release|Any CPU.ActiveCfg = Release|Any CPU
		{C17997FC-9044-483C-8189-31E3B30ACEAE}.Release|Any CPU.Build.0 = Release|Any CPU
		{4CBEE19C-2D69-4A33-AE07-B74B816AE75D}.Debug|Any CPU.ActiveCfg = Debug|Any CPU
		{4CBEE19C-2D69-4A33-AE07-B74B816AE75D}.Debug|Any CPU.Build.0 = Debug|Any CPU
		{4CBEE19C-2D69-4A33-AE07-B74B816AE75D}.Release|Any CPU.ActiveCfg = Release|Any CPU
		{4CBEE19C-2D69-4A33-AE07-B74B816AE75D}.Release|Any CPU.Build.0 = Release|Any CPU
		{4820BCA5-AF1E-4550-A9AA-2D8D52642E4F}.Debug|Any CPU.ActiveCfg = Debug|Any CPU
		{4820BCA5-AF1E-4550-A9AA-2D8D52642E4F}.Debug|Any CPU.Build.0 = Debug|Any CPU
		{4820BCA5-AF1E-4550-A9AA-2D8D52642E4F}.Release|Any CPU.ActiveCfg = Release|Any CPU
		{4820BCA5-AF1E-4550-A9AA-2D8D52642E4F}.Release|Any CPU.Build.0 = Release|Any CPU
	EndGlobalSection
	GlobalSection(SolutionProperties) = preSolution
		HideSolutionNode = FALSE
	EndGlobalSection
	GlobalSection(ExtensibilityGlobals) = postSolution
		SolutionGuid = {0E7C1B2A-C739-4DC5-94FD-DB4AD2036FE3}
	EndGlobalSection
EndGlobal
